// !$*UTF8*$!
{
	archiveVersion = 1;
	classes = {
	};
	objectVersion = 56;
	objects = {

/* Begin PBXBuildFile section */
		57B795CC2AB1A9C2009DFB51 /* AppDelegate.swift in Sources */ = {isa = PBXBuildFile; fileRef = 57B795CB2AB1A9C2009DFB51 /* AppDelegate.swift */; };
		57B795CE2AB1A9C2009DFB51 /* SceneDelegate.swift in Sources */ = {isa = PBXBuildFile; fileRef = 57B795CD2AB1A9C2009DFB51 /* SceneDelegate.swift */; };
		57B795D02AB1A9C2009DFB51 /* ViewController.swift in Sources */ = {isa = PBXBuildFile; fileRef = 57B795CF2AB1A9C2009DFB51 /* ViewController.swift */; };
		57B795D32AB1A9C2009DFB51 /* Main.storyboard in Resources */ = {isa = PBXBuildFile; fileRef = 57B795D12AB1A9C2009DFB51 /* Main.storyboard */; };
		57B795D52AB1A9C4009DFB51 /* Assets.xcassets in Resources */ = {isa = PBXBuildFile; fileRef = 57B795D42AB1A9C4009DFB51 /* Assets.xcassets */; };
		57B795D82AB1A9C4009DFB51 /* LaunchScreen.storyboard in Resources */ = {isa = PBXBuildFile; fileRef = 57B795D62AB1A9C4009DFB51 /* LaunchScreen.storyboard */; };
		57B795E32AB1A9C4009DFB51 /* DateTimeToolBoxTests.swift in Sources */ = {isa = PBXBuildFile; fileRef = 57B795E22AB1A9C4009DFB51 /* DateTimeToolBoxTests.swift */; };
		57B795ED2AB1A9C4009DFB51 /* DateTimeToolBoxUITests.swift in Sources */ = {isa = PBXBuildFile; fileRef = 57B795EC2AB1A9C4009DFB51 /* DateTimeToolBoxUITests.swift */; };
		57B795EF2AB1A9C4009DFB51 /* DateTimeToolBoxUITestsLaunchTests.swift in Sources */ = {isa = PBXBuildFile; fileRef = 57B795EE2AB1A9C4009DFB51 /* DateTimeToolBoxUITestsLaunchTests.swift */; };
/* End PBXBuildFile section */

/* Begin PBXContainerItemProxy section */
		57B795DF2AB1A9C4009DFB51 /* PBXContainerItemProxy */ = {
			isa = PBXContainerItemProxy;
			containerPortal = 57B795C02AB1A9C2009DFB51 /* Project object */;
			proxyType = 1;
			remoteGlobalIDString = 57B795C72AB1A9C2009DFB51;
			remoteInfo = DateTimeToolBox;
		};
		57B795E92AB1A9C4009DFB51 /* PBXContainerItemProxy */ = {
			isa = PBXContainerItemProxy;
			containerPortal = 57B795C02AB1A9C2009DFB51 /* Project object */;
			proxyType = 1;
			remoteGlobalIDString = 57B795C72AB1A9C2009DFB51;
			remoteInfo = DateTimeToolBox;
		};
/* End PBXContainerItemProxy section */

/* Begin PBXFileReference section */
		57B795C82AB1A9C2009DFB51 /* DateTimeToolBox.app */ = {isa = PBXFileReference; explicitFileType = wrapper.application; includeInIndex = 0; path = DateTimeToolBox.app; sourceTree = BUILT_PRODUCTS_DIR; };
		57B795CB2AB1A9C2009DFB51 /* AppDelegate.swift */ = {isa = PBXFileReference; lastKnownFileType = sourcecode.swift; path = AppDelegate.swift; sourceTree = "<group>"; };
		57B795CD2AB1A9C2009DFB51 /* SceneDelegate.swift */ = {isa = PBXFileReference; lastKnownFileType = sourcecode.swift; path = SceneDelegate.swift; sourceTree = "<group>"; };
		57B795CF2AB1A9C2009DFB51 /* ViewController.swift */ = {isa = PBXFileReference; lastKnownFileType = sourcecode.swift; path = ViewController.swift; sourceTree = "<group>"; };
		57B795D22AB1A9C2009DFB51 /* Base */ = {isa = PBXFileReference; lastKnownFileType = file.storyboard; name = Base; path = Base.lproj/Main.storyboard; sourceTree = "<group>"; };
		57B795D42AB1A9C4009DFB51 /* Assets.xcassets */ = {isa = PBXFileReference; lastKnownFileType = folder.assetcatalog; path = Assets.xcassets; sourceTree = "<group>"; };
		57B795D72AB1A9C4009DFB51 /* Base */ = {isa = PBXFileReference; lastKnownFileType = file.storyboard; name = Base; path = Base.lproj/LaunchScreen.storyboard; sourceTree = "<group>"; };
		57B795D92AB1A9C4009DFB51 /* Info.plist */ = {isa = PBXFileReference; lastKnownFileType = text.plist.xml; path = Info.plist; sourceTree = "<group>"; };
		57B795DE2AB1A9C4009DFB51 /* DateTimeToolBoxTests.xctest */ = {isa = PBXFileReference; explicitFileType = wrapper.cfbundle; includeInIndex = 0; path = DateTimeToolBoxTests.xctest; sourceTree = BUILT_PRODUCTS_DIR; };
		57B795E22AB1A9C4009DFB51 /* DateTimeToolBoxTests.swift */ = {isa = PBXFileReference; lastKnownFileType = sourcecode.swift; path = DateTimeToolBoxTests.swift; sourceTree = "<group>"; };
		57B795E82AB1A9C4009DFB51 /* DateTimeToolBoxUITests.xctest */ = {isa = PBXFileReference; explicitFileType = wrapper.cfbundle; includeInIndex = 0; path = DateTimeToolBoxUITests.xctest; sourceTree = BUILT_PRODUCTS_DIR; };
		57B795EC2AB1A9C4009DFB51 /* DateTimeToolBoxUITests.swift */ = {isa = PBXFileReference; lastKnownFileType = sourcecode.swift; path = DateTimeToolBoxUITests.swift; sourceTree = "<group>"; };
		57B795EE2AB1A9C4009DFB51 /* DateTimeToolBoxUITestsLaunchTests.swift */ = {isa = PBXFileReference; lastKnownFileType = sourcecode.swift; path = DateTimeToolBoxUITestsLaunchTests.swift; sourceTree = "<group>"; };
/* End PBXFileReference section */

/* Begin PBXFrameworksBuildPhase section */
		57B795C52AB1A9C2009DFB51 /* Frameworks */ = {
			isa = PBXFrameworksBuildPhase;
			buildActionMask = 2147483647;
			files = (
			);
			runOnlyForDeploymentPostprocessing = 0;
		};
		57B795DB2AB1A9C4009DFB51 /* Frameworks */ = {
			isa = PBXFrameworksBuildPhase;
			buildActionMask = 2147483647;
			files = (
			);
			runOnlyForDeploymentPostprocessing = 0;
		};
		57B795E52AB1A9C4009DFB51 /* Frameworks */ = {
			isa = PBXFrameworksBuildPhase;
			buildActionMask = 2147483647;
			files = (
			);
			runOnlyForDeploymentPostprocessing = 0;
		};
/* End PBXFrameworksBuildPhase section */

/* Begin PBXGroup section */
		57B795BF2AB1A9C2009DFB51 = {
			isa = PBXGroup;
			children = (
				57B795CA2AB1A9C2009DFB51 /* DateTimeToolBox */,
				57B795E12AB1A9C4009DFB51 /* DateTimeToolBoxTests */,
				57B795EB2AB1A9C4009DFB51 /* DateTimeToolBoxUITests */,
				57B795C92AB1A9C2009DFB51 /* Products */,
			);
			sourceTree = "<group>";
		};
		57B795C92AB1A9C2009DFB51 /* Products */ = {
			isa = PBXGroup;
			children = (
				57B795C82AB1A9C2009DFB51 /* DateTimeToolBox.app */,
				57B795DE2AB1A9C4009DFB51 /* DateTimeToolBoxTests.xctest */,
				57B795E82AB1A9C4009DFB51 /* DateTimeToolBoxUITests.xctest */,
			);
			name = Products;
			sourceTree = "<group>";
		};
		57B795CA2AB1A9C2009DFB51 /* DateTimeToolBox */ = {
			isa = PBXGroup;
			children = (
				57B795CB2AB1A9C2009DFB51 /* AppDelegate.swift */,
				57B795CD2AB1A9C2009DFB51 /* SceneDelegate.swift */,
				57B795CF2AB1A9C2009DFB51 /* ViewController.swift */,
				57B795D12AB1A9C2009DFB51 /* Main.storyboard */,
				57B795D42AB1A9C4009DFB51 /* Assets.xcassets */,
				57B795D62AB1A9C4009DFB51 /* LaunchScreen.storyboard */,
				57B795D92AB1A9C4009DFB51 /* Info.plist */,
			);
			path = DateTimeToolBox;
			sourceTree = "<group>";
		};
		57B795E12AB1A9C4009DFB51 /* DateTimeToolBoxTests */ = {
			isa = PBXGroup;
			children = (
				57B795E22AB1A9C4009DFB51 /* DateTimeToolBoxTests.swift */,
			);
			path = DateTimeToolBoxTests;
			sourceTree = "<group>";
		};
		57B795EB2AB1A9C4009DFB51 /* DateTimeToolBoxUITests */ = {
			isa = PBXGroup;
			children = (
				57B795EC2AB1A9C4009DFB51 /* DateTimeToolBoxUITests.swift */,
				57B795EE2AB1A9C4009DFB51 /* DateTimeToolBoxUITestsLaunchTests.swift */,
			);
			path = DateTimeToolBoxUITests;
			sourceTree = "<group>";
		};
/* End PBXGroup section */

/* Begin PBXNativeTarget section */
		57B795C72AB1A9C2009DFB51 /* DateTimeToolBox */ = {
			isa = PBXNativeTarget;
			buildConfigurationList = 57B795F22AB1A9C4009DFB51 /* Build configuration list for PBXNativeTarget "DateTimeToolBox" */;
			buildPhases = (
				57B795C42AB1A9C2009DFB51 /* Sources */,
				57B795C52AB1A9C2009DFB51 /* Frameworks */,
				57B795C62AB1A9C2009DFB51 /* Resources */,
			);
			buildRules = (
			);
			dependencies = (
			);
			name = DateTimeToolBox;
			productName = DateTimeToolBox;
			productReference = 57B795C82AB1A9C2009DFB51 /* DateTimeToolBox.app */;
			productType = "com.apple.product-type.application";
		};
		57B795DD2AB1A9C4009DFB51 /* DateTimeToolBoxTests */ = {
			isa = PBXNativeTarget;
			buildConfigurationList = 57B795F52AB1A9C4009DFB51 /* Build configuration list for PBXNativeTarget "DateTimeToolBoxTests" */;
			buildPhases = (
				57B795DA2AB1A9C4009DFB51 /* Sources */,
				57B795DB2AB1A9C4009DFB51 /* Frameworks */,
				57B795DC2AB1A9C4009DFB51 /* Resources */,
			);
			buildRules = (
			);
			dependencies = (
				57B795E02AB1A9C4009DFB51 /* PBXTargetDependency */,
			);
			name = DateTimeToolBoxTests;
			productName = DateTimeToolBoxTests;
			productReference = 57B795DE2AB1A9C4009DFB51 /* DateTimeToolBoxTests.xctest */;
			productType = "com.apple.product-type.bundle.unit-test";
		};
		57B795E72AB1A9C4009DFB51 /* DateTimeToolBoxUITests */ = {
			isa = PBXNativeTarget;
			buildConfigurationList = 57B795F82AB1A9C4009DFB51 /* Build configuration list for PBXNativeTarget "DateTimeToolBoxUITests" */;
			buildPhases = (
				57B795E42AB1A9C4009DFB51 /* Sources */,
				57B795E52AB1A9C4009DFB51 /* Frameworks */,
				57B795E62AB1A9C4009DFB51 /* Resources */,
			);
			buildRules = (
			);
			dependencies = (
				57B795EA2AB1A9C4009DFB51 /* PBXTargetDependency */,
			);
			name = DateTimeToolBoxUITests;
			productName = DateTimeToolBoxUITests;
			productReference = 57B795E82AB1A9C4009DFB51 /* DateTimeToolBoxUITests.xctest */;
			productType = "com.apple.product-type.bundle.ui-testing";
		};
/* End PBXNativeTarget section */

/* Begin PBXProject section */
		57B795C02AB1A9C2009DFB51 /* Project object */ = {
			isa = PBXProject;
			attributes = {
				BuildIndependentTargetsInParallel = 1;
				LastSwiftUpdateCheck = 1430;
				LastUpgradeCheck = 1430;
				TargetAttributes = {
					57B795C72AB1A9C2009DFB51 = {
						CreatedOnToolsVersion = 14.3;
					};
					57B795DD2AB1A9C4009DFB51 = {
						CreatedOnToolsVersion = 14.3;
						TestTargetID = 57B795C72AB1A9C2009DFB51;
					};
					57B795E72AB1A9C4009DFB51 = {
						CreatedOnToolsVersion = 14.3;
						TestTargetID = 57B795C72AB1A9C2009DFB51;
					};
				};
			};
			buildConfigurationList = 57B795C32AB1A9C2009DFB51 /* Build configuration list for PBXProject "DateTimeToolBox" */;
			compatibilityVersion = "Xcode 14.0";
			developmentRegion = en;
			hasScannedForEncodings = 0;
			knownRegions = (
				en,
				Base,
			);
			mainGroup = 57B795BF2AB1A9C2009DFB51;
			productRefGroup = 57B795C92AB1A9C2009DFB51 /* Products */;
			projectDirPath = "";
			projectRoot = "";
			targets = (
				57B795C72AB1A9C2009DFB51 /* DateTimeToolBox */,
				57B795DD2AB1A9C4009DFB51 /* DateTimeToolBoxTests */,
				57B795E72AB1A9C4009DFB51 /* DateTimeToolBoxUITests */,
			);
		};
/* End PBXProject section */

/* Begin PBXResourcesBuildPhase section */
		57B795C62AB1A9C2009DFB51 /* Resources */ = {
			isa = PBXResourcesBuildPhase;
			buildActionMask = 2147483647;
			files = (
				57B795D82AB1A9C4009DFB51 /* LaunchScreen.storyboard in Resources */,
				57B795D52AB1A9C4009DFB51 /* Assets.xcassets in Resources */,
				57B795D32AB1A9C2009DFB51 /* Main.storyboard in Resources */,
			);
			runOnlyForDeploymentPostprocessing = 0;
		};
		57B795DC2AB1A9C4009DFB51 /* Resources */ = {
			isa = PBXResourcesBuildPhase;
			buildActionMask = 2147483647;
			files = (
			);
			runOnlyForDeploymentPostprocessing = 0;
		};
		57B795E62AB1A9C4009DFB51 /* Resources */ = {
			isa = PBXResourcesBuildPhase;
			buildActionMask = 2147483647;
			files = (
			);
			runOnlyForDeploymentPostprocessing = 0;
		};
/* End PBXResourcesBuildPhase section */

/* Begin PBXSourcesBuildPhase section */
		57B795C42AB1A9C2009DFB51 /* Sources */ = {
			isa = PBXSourcesBuildPhase;
			buildActionMask = 2147483647;
			files = (
				57B795D02AB1A9C2009DFB51 /* ViewController.swift in Sources */,
				57B795CC2AB1A9C2009DFB51 /* AppDelegate.swift in Sources */,
				57B795CE2AB1A9C2009DFB51 /* SceneDelegate.swift in Sources */,
			);
			runOnlyForDeploymentPostprocessing = 0;
		};
		57B795DA2AB1A9C4009DFB51 /* Sources */ = {
			isa = PBXSourcesBuildPhase;
			buildActionMask = 2147483647;
			files = (
				57B795E32AB1A9C4009DFB51 /* DateTimeToolBoxTests.swift in Sources */,
			);
			runOnlyForDeploymentPostprocessing = 0;
		};
		57B795E42AB1A9C4009DFB51 /* Sources */ = {
			isa = PBXSourcesBuildPhase;
			buildActionMask = 2147483647;
			files = (
				57B795ED2AB1A9C4009DFB51 /* DateTimeToolBoxUITests.swift in Sources */,
				57B795EF2AB1A9C4009DFB51 /* DateTimeToolBoxUITestsLaunchTests.swift in Sources */,
			);
			runOnlyForDeploymentPostprocessing = 0;
		};
/* End PBXSourcesBuildPhase section */

/* Begin PBXTargetDependency section */
		57B795E02AB1A9C4009DFB51 /* PBXTargetDependency */ = {
			isa = PBXTargetDependency;
			target = 57B795C72AB1A9C2009DFB51 /* DateTimeToolBox */;
			targetProxy = 57B795DF2AB1A9C4009DFB51 /* PBXContainerItemProxy */;
		};
		57B795EA2AB1A9C4009DFB51 /* PBXTargetDependency */ = {
			isa = PBXTargetDependency;
			target = 57B795C72AB1A9C2009DFB51 /* DateTimeToolBox */;
			targetProxy = 57B795E92AB1A9C4009DFB51 /* PBXContainerItemProxy */;
		};
/* End PBXTargetDependency section */

/* Begin PBXVariantGroup section */
		57B795D12AB1A9C2009DFB51 /* Main.storyboard */ = {
			isa = PBXVariantGroup;
			children = (
				57B795D22AB1A9C2009DFB51 /* Base */,
			);
			name = Main.storyboard;
			sourceTree = "<group>";
		};
		57B795D62AB1A9C4009DFB51 /* LaunchScreen.storyboard */ = {
			isa = PBXVariantGroup;
			children = (
				57B795D72AB1A9C4009DFB51 /* Base */,
			);
			name = LaunchScreen.storyboard;
			sourceTree = "<group>";
		};
/* End PBXVariantGroup section */

/* Begin XCBuildConfiguration section */
		57B795F02AB1A9C4009DFB51 /* Debug */ = {
			isa = XCBuildConfiguration;
			buildSettings = {
				ALWAYS_SEARCH_USER_PATHS = NO;
				CLANG_ANALYZER_NONNULL = YES;
				CLANG_ANALYZER_NUMBER_OBJECT_CONVERSION = YES_AGGRESSIVE;
				CLANG_CXX_LANGUAGE_STANDARD = "gnu++20";
				CLANG_ENABLE_MODULES = YES;
				CLANG_ENABLE_OBJC_ARC = YES;
				CLANG_ENABLE_OBJC_WEAK = YES;
				CLANG_WARN_BLOCK_CAPTURE_AUTORELEASING = YES;
				CLANG_WARN_BOOL_CONVERSION = YES;
				CLANG_WARN_COMMA = YES;
				CLANG_WARN_CONSTANT_CONVERSION = YES;
				CLANG_WARN_DEPRECATED_OBJC_IMPLEMENTATIONS = YES;
				CLANG_WARN_DIRECT_OBJC_ISA_USAGE = YES_ERROR;
				CLANG_WARN_DOCUMENTATION_COMMENTS = YES;
				CLANG_WARN_EMPTY_BODY = YES;
				CLANG_WARN_ENUM_CONVERSION = YES;
				CLANG_WARN_INFINITE_RECURSION = YES;
				CLANG_WARN_INT_CONVERSION = YES;
				CLANG_WARN_NON_LITERAL_NULL_CONVERSION = YES;
				CLANG_WARN_OBJC_IMPLICIT_RETAIN_SELF = YES;
				CLANG_WARN_OBJC_LITERAL_CONVERSION = YES;
				CLANG_WARN_OBJC_ROOT_CLASS = YES_ERROR;
				CLANG_WARN_QUOTED_INCLUDE_IN_FRAMEWORK_HEADER = YES;
				CLANG_WARN_RANGE_LOOP_ANALYSIS = YES;
				CLANG_WARN_STRICT_PROTOTYPES = YES;
				CLANG_WARN_SUSPICIOUS_MOVE = YES;
				CLANG_WARN_UNGUARDED_AVAILABILITY = YES_AGGRESSIVE;
				CLANG_WARN_UNREACHABLE_CODE = YES;
				CLANG_WARN__DUPLICATE_METHOD_MATCH = YES;
				COPY_PHASE_STRIP = NO;
				DEBUG_INFORMATION_FORMAT = dwarf;
				ENABLE_STRICT_OBJC_MSGSEND = YES;
				ENABLE_TESTABILITY = YES;
				GCC_C_LANGUAGE_STANDARD = gnu11;
				GCC_DYNAMIC_NO_PIC = NO;
				GCC_NO_COMMON_BLOCKS = YES;
				GCC_OPTIMIZATION_LEVEL = 0;
				GCC_PREPROCESSOR_DEFINITIONS = (
					"DEBUG=1",
					"$(inherited)",
				);
				GCC_WARN_64_TO_32_BIT_CONVERSION = YES;
				GCC_WARN_ABOUT_RETURN_TYPE = YES_ERROR;
				GCC_WARN_UNDECLARED_SELECTOR = YES;
				GCC_WARN_UNINITIALIZED_AUTOS = YES_AGGRESSIVE;
				GCC_WARN_UNUSED_FUNCTION = YES;
				GCC_WARN_UNUSED_VARIABLE = YES;
				IPHONEOS_DEPLOYMENT_TARGET = 16.4;
				MTL_ENABLE_DEBUG_INFO = INCLUDE_SOURCE;
				MTL_FAST_MATH = YES;
				ONLY_ACTIVE_ARCH = YES;
				SDKROOT = iphoneos;
				SWIFT_ACTIVE_COMPILATION_CONDITIONS = DEBUG;
				SWIFT_OPTIMIZATION_LEVEL = "-Onone";
			};
			name = Debug;
		};
		57B795F12AB1A9C4009DFB51 /* Release */ = {
			isa = XCBuildConfiguration;
			buildSettings = {
				ALWAYS_SEARCH_USER_PATHS = NO;
				CLANG_ANALYZER_NONNULL = YES;
				CLANG_ANALYZER_NUMBER_OBJECT_CONVERSION = YES_AGGRESSIVE;
				CLANG_CXX_LANGUAGE_STANDARD = "gnu++20";
				CLANG_ENABLE_MODULES = YES;
				CLANG_ENABLE_OBJC_ARC = YES;
				CLANG_ENABLE_OBJC_WEAK = YES;
				CLANG_WARN_BLOCK_CAPTURE_AUTORELEASING = YES;
				CLANG_WARN_BOOL_CONVERSION = YES;
				CLANG_WARN_COMMA = YES;
				CLANG_WARN_CONSTANT_CONVERSION = YES;
				CLANG_WARN_DEPRECATED_OBJC_IMPLEMENTATIONS = YES;
				CLANG_WARN_DIRECT_OBJC_ISA_USAGE = YES_ERROR;
				CLANG_WARN_DOCUMENTATION_COMMENTS = YES;
				CLANG_WARN_EMPTY_BODY = YES;
				CLANG_WARN_ENUM_CONVERSION = YES;
				CLANG_WARN_INFINITE_RECURSION = YES;
				CLANG_WARN_INT_CONVERSION = YES;
				CLANG_WARN_NON_LITERAL_NULL_CONVERSION = YES;
				CLANG_WARN_OBJC_IMPLICIT_RETAIN_SELF = YES;
				CLANG_WARN_OBJC_LITERAL_CONVERSION = YES;
				CLANG_WARN_OBJC_ROOT_CLASS = YES_ERROR;
				CLANG_WARN_QUOTED_INCLUDE_IN_FRAMEWORK_HEADER = YES;
				CLANG_WARN_RANGE_LOOP_ANALYSIS = YES;
				CLANG_WARN_STRICT_PROTOTYPES = YES;
				CLANG_WARN_SUSPICIOUS_MOVE = YES;
				CLANG_WARN_UNGUARDED_AVAILABILITY = YES_AGGRESSIVE;
				CLANG_WARN_UNREACHABLE_CODE = YES;
				CLANG_WARN__DUPLICATE_METHOD_MATCH = YES;
				COPY_PHASE_STRIP = NO;
				DEBUG_INFORMATION_FORMAT = "dwarf-with-dsym";
				ENABLE_NS_ASSERTIONS = NO;
				ENABLE_STRICT_OBJC_MSGSEND = YES;
				GCC_C_LANGUAGE_STANDARD = gnu11;
				GCC_NO_COMMON_BLOCKS = YES;
				GCC_WARN_64_TO_32_BIT_CONVERSION = YES;
				GCC_WARN_ABOUT_RETURN_TYPE = YES_ERROR;
				GCC_WARN_UNDECLARED_SELECTOR = YES;
				GCC_WARN_UNINITIALIZED_AUTOS = YES_AGGRESSIVE;
				GCC_WARN_UNUSED_FUNCTION = YES;
				GCC_WARN_UNUSED_VARIABLE = YES;
				IPHONEOS_DEPLOYMENT_TARGET = 16.4;
				MTL_ENABLE_DEBUG_INFO = NO;
				MTL_FAST_MATH = YES;
				SDKROOT = iphoneos;
				SWIFT_COMPILATION_MODE = wholemodule;
				SWIFT_OPTIMIZATION_LEVEL = "-O";
				VALIDATE_PRODUCT = YES;
			};
			name = Release;
		};
		57B795F32AB1A9C4009DFB51 /* Debug */ = {
			isa = XCBuildConfiguration;
			buildSettings = {
				ASSETCATALOG_COMPILER_APPICON_NAME = AppIcon;
				ASSETCATALOG_COMPILER_GLOBAL_ACCENT_COLOR_NAME = AccentColor;
				CODE_SIGN_STYLE = Automatic;
				CURRENT_PROJECT_VERSION = 1;
				GENERATE_INFOPLIST_FILE = YES;
				INFOPLIST_FILE = DateTimeToolBox/Info.plist;
				INFOPLIST_KEY_UIApplicationSupportsIndirectInputEvents = YES;
				INFOPLIST_KEY_UILaunchStoryboardName = LaunchScreen;
				INFOPLIST_KEY_UIMainStoryboardFile = Main;
				INFOPLIST_KEY_UISupportedInterfaceOrientations_iPad = "UIInterfaceOrientationPortrait UIInterfaceOrientationPortraitUpsideDown UIInterfaceOrientationLandscapeLeft UIInterfaceOrientationLandscapeRight";
				INFOPLIST_KEY_UISupportedInterfaceOrientations_iPhone = "UIInterfaceOrientationPortrait UIInterfaceOrientationLandscapeLeft UIInterfaceOrientationLandscapeRight";
				LD_RUNPATH_SEARCH_PATHS = (
					"$(inherited)",
					"@executable_path/Frameworks",
				);
				MARKETING_VERSION = 1.0;
				PRODUCT_BUNDLE_IDENTIFIER = victor.DateTimeToolBox;
				PRODUCT_NAME = "$(TARGET_NAME)";
				SWIFT_EMIT_LOC_STRINGS = YES;
				SWIFT_VERSION = 5.0;
				TARGETED_DEVICE_FAMILY = "1,2";
			};
			name = Debug;
		};
		57B795F42AB1A9C4009DFB51 /* Release */ = {
			isa = XCBuildConfiguration;
			buildSettings = {
				ASSETCATALOG_COMPILER_APPICON_NAME = AppIcon;
				ASSETCATALOG_COMPILER_GLOBAL_ACCENT_COLOR_NAME = AccentColor;
				CODE_SIGN_STYLE = Automatic;
				CURRENT_PROJECT_VERSION = 1;
				GENERATE_INFOPLIST_FILE = YES;
				INFOPLIST_FILE = DateTimeToolBox/Info.plist;
				INFOPLIST_KEY_UIApplicationSupportsIndirectInputEvents = YES;
				INFOPLIST_KEY_UILaunchStoryboardName = LaunchScreen;
				INFOPLIST_KEY_UIMainStoryboardFile = Main;
				INFOPLIST_KEY_UISupportedInterfaceOrientations_iPad = "UIInterfaceOrientationPortrait UIInterfaceOrientationPortraitUpsideDown UIInterfaceOrientationLandscapeLeft UIInterfaceOrientationLandscapeRight";
				INFOPLIST_KEY_UISupportedInterfaceOrientations_iPhone = "UIInterfaceOrientationPortrait UIInterfaceOrientationLandscapeLeft UIInterfaceOrientationLandscapeRight";
				LD_RUNPATH_SEARCH_PATHS = (
					"$(inherited)",
					"@executable_path/Frameworks",
				);
				MARKETING_VERSION = 1.0;
				PRODUCT_BUNDLE_IDENTIFIER = victor.DateTimeToolBox;
				PRODUCT_NAME = "$(TARGET_NAME)";
				SWIFT_EMIT_LOC_STRINGS = YES;
				SWIFT_VERSION = 5.0;
				TARGETED_DEVICE_FAMILY = "1,2";
			};
			name = Release;
		};
		57B795F62AB1A9C4009DFB51 /* Debug */ = {
			isa = XCBuildConfiguration;
			buildSettings = {
				ALWAYS_EMBED_SWIFT_STANDARD_LIBRARIES = YES;
				BUNDLE_LOADER = "$(TEST_HOST)";
				CODE_SIGN_STYLE = Automatic;
				CURRENT_PROJECT_VERSION = 1;
				GENERATE_INFOPLIST_FILE = YES;
				IPHONEOS_DEPLOYMENT_TARGET = 16.4;
				MARKETING_VERSION = 1.0;
				PRODUCT_BUNDLE_IDENTIFIER = victor.DateTimeToolBoxTests;
				PRODUCT_NAME = "$(TARGET_NAME)";
				SWIFT_EMIT_LOC_STRINGS = NO;
				SWIFT_VERSION = 5.0;
				TARGETED_DEVICE_FAMILY = "1,2";
				TEST_HOST = "$(BUILT_PRODUCTS_DIR)/DateTimeToolBox.app/$(BUNDLE_EXECUTABLE_FOLDER_PATH)/DateTimeToolBox";
			};
			name = Debug;
		};
		57B795F72AB1A9C4009DFB51 /* Release */ = {
			isa = XCBuildConfiguration;
			buildSettings = {
				ALWAYS_EMBED_SWIFT_STANDARD_LIBRARIES = YES;
				BUNDLE_LOADER = "$(TEST_HOST)";
				CODE_SIGN_STYLE = Automatic;
				CURRENT_PROJECT_VERSION = 1;
				GENERATE_INFOPLIST_FILE = YES;
				IPHONEOS_DEPLOYMENT_TARGET = 16.4;
				MARKETING_VERSION = 1.0;
				PRODUCT_BUNDLE_IDENTIFIER = victor.DateTimeToolBoxTests;
				PRODUCT_NAME = "$(TARGET_NAME)";
				SWIFT_EMIT_LOC_STRINGS = NO;
				SWIFT_VERSION = 5.0;
				TARGETED_DEVICE_FAMILY = "1,2";
				TEST_HOST = "$(BUILT_PRODUCTS_DIR)/DateTimeToolBox.app/$(BUNDLE_EXECUTABLE_FOLDER_PATH)/DateTimeToolBox";
			};
			name = Release;
		};
		57B795F92AB1A9C4009DFB51 /* Debug */ = {
			isa = XCBuildConfiguration;
			buildSettings = {
				ALWAYS_EMBED_SWIFT_STANDARD_LIBRARIES = YES;
				CODE_SIGN_STYLE = Automatic;
				CURRENT_PROJECT_VERSION = 1;
				GENERATE_INFOPLIST_FILE = YES;
				MARKETING_VERSION = 1.0;
				PRODUCT_BUNDLE_IDENTIFIER = victor.DateTimeToolBoxUITests;
				PRODUCT_NAME = "$(TARGET_NAME)";
				SWIFT_EMIT_LOC_STRINGS = NO;
				SWIFT_VERSION = 5.0;
				TARGETED_DEVICE_FAMILY = "1,2";
				TEST_TARGET_NAME = DateTimeToolBox;
			};
			name = Debug;
		};
		57B795FA2AB1A9C4009DFB51 /* Release */ = {
			isa = XCBuildConfiguration;
			buildSettings = {
				ALWAYS_EMBED_SWIFT_STANDARD_LIBRARIES = YES;
				CODE_SIGN_STYLE = Automatic;
				CURRENT_PROJECT_VERSION = 1;
				GENERATE_INFOPLIST_FILE = YES;
				MARKETING_VERSION = 1.0;
				PRODUCT_BUNDLE_IDENTIFIER = victor.DateTimeToolBoxUITests;
				PRODUCT_NAME = "$(TARGET_NAME)";
				SWIFT_EMIT_LOC_STRINGS = NO;
				SWIFT_VERSION = 5.0;
				TARGETED_DEVICE_FAMILY = "1,2";
				TEST_TARGET_NAME = DateTimeToolBox;
			};
			name = Release;
		};
/* End XCBuildConfiguration section */

/* Begin XCConfigurationList section */
		57B795C32AB1A9C2009DFB51 /* Build configuration list for PBXProject "DateTimeToolBox" */ = {
			isa = XCConfigurationList;
			buildConfigurations = (
				57B795F02AB1A9C4009DFB51 /* Debug */,
				57B795F12AB1A9C4009DFB51 /* Release */,
			);
			defaultConfigurationIsVisible = 0;
			defaultConfigurationName = Release;
		};
		57B795F22AB1A9C4009DFB51 /* Build configuration list for PBXNativeTarget "DateTimeToolBox" */ = {
			isa = XCConfigurationList;
			buildConfigurations = (
				57B795F32AB1A9C4009DFB51 /* Debug */,
				57B795F42AB1A9C4009DFB51 /* Release */,
			);
			defaultConfigurationIsVisible = 0;
			defaultConfigurationName = Release;
		};
		57B795F52AB1A9C4009DFB51 /* Build configuration list for PBXNativeTarget "DateTimeToolBoxTests" */ = {
			isa = XCConfigurationList;
			buildConfigurations = (
				57B795F62AB1A9C4009DFB51 /* Debug */,
				57B795F72AB1A9C4009DFB51 /* Release */,
			);
			defaultConfigurationIsVisible = 0;
			defaultConfigurationName = Release;
		};
		57B795F82AB1A9C4009DFB51 /* Build configuration list for PBXNativeTarget "DateTimeToolBoxUITests" */ = {
			isa = XCConfigurationList;
			buildConfigurations = (
				57B795F92AB1A9C4009DFB51 /* Debug */,
				57B795FA2AB1A9C4009DFB51 /* Release */,
			);
			defaultConfigurationIsVisible = 0;
			defaultConfigurationName = Release;
		};
/* End XCConfigurationList section */
	};
	rootObject = 57B795C02AB1A9C2009DFB51 /* Project object */;
}
